
Microsoft Visual Studio Solution File, Format Version 12.00
# Visual Studio Version 17
VisualStudioVersion = 17.8.34316.72
MinimumVisualStudioVersion = 10.0.40219.1
Project("{FAE04EC0-301F-11D3-BF4B-00C04F79EFBC}") = "CampusEats.Api", "CampusEats.Api\CampusEats.Api.csproj", "{003937D3-DD10-4CAD-9298-AA62108A5B39}"
EndProject
Project("{FAE04EC0-301F-11D3-BF4B-00C04F79EFBC}") = "CampusEats.Client", "CampusEats.Client\CampusEats.Client.csproj", "{9C471F41-FFD0-4D0D-8B53-7446BE222C0E}"
EndProject
Project("{FAE04EC0-301F-11D3-BF4B-00C04F79EFBC}") = "CampusEats.Api.Tests", "CampusEats.Api.Tests\CampusEats.Api.Tests.csproj", "{14436847-85B2-4AFD-B95F-7351A6A4ECE9}"
EndProject
Global
	GlobalSection(SolutionConfigurationPlatforms) = preSolution
		Debug|Any CPU = Debug|Any CPU
		Release|Any CPU = Release|Any CPU
	EndGlobalSection
	GlobalSection(ProjectConfigurationPlatforms) = postSolution
		{003937D3-DD10-4CAD-9298-AA62108A5B39}.Debug|Any CPU.ActiveCfg = Debug|Any CPU
		{003937D3-DD10-4CAD-9298-AA62108A5B39}.Debug|Any CPU.Build.0 = Debug|Any CPU
		{003937D3-DD10-4CAD-9298-AA62108A5B39}.Release|Any CPU.ActiveCfg = Release|Any CPU
		{003937D3-DD10-4CAD-9298-AA62108A5B39}.Release|Any CPU.Build.0 = Release|Any CPU
		{9C471F41-FFD0-4D0D-8B53-7446BE222C0E}.Debug|Any CPU.ActiveCfg = Debug|Any CPU
		{9C471F41-FFD0-4D0D-8B53-7446BE222C0E}.Debug|Any CPU.Build.0 = Debug|Any CPU
		{9C471F41-FFD0-4D0D-8B53-7446BE222C0E}.Release|Any CPU.ActiveCfg = Release|Any CPU
		{9C471F41-FFD0-4D0D-8B53-7446BE222C0E}.Release|Any CPU.Build.0 = Release|Any CPU
		{14436847-85B2-4AFD-B95F-7351A6A4ECE9}.Debug|Any CPU.ActiveCfg = Debug|Any CPU
		{14436847-85B2-4AFD-B95F-7351A6A4ECE9}.Debug|Any CPU.Build.0 = Debug|Any CPU
		{14436847-85B2-4AFD-B95F-7351A6A4ECE9}.Release|Any CPU.ActiveCfg = Release|Any CPU
		{14436847-85B2-4AFD-B95F-7351A6A4ECE9}.Release|Any CPU.Build.0 = Release|Any CPU
	EndGlobalSection
	GlobalSection(SolutionProperties) = preSolution
		HideSolutionNode = FALSE
	EndGlobalSection
	GlobalSection(ExtensibilityGlobals) = postSolution
		SolutionGuid = {59DC290F-2509-4B66-B3D3-EA914D9B1EAB}
	EndGlobalSection
EndGlobal
