
Microsoft Visual Studio Solution File, Format Version 12.00
Project("{FAE04EC0-301F-11D3-BF4B-00C04F79EFBC}") = "CampusEats.Api", "CampusEats.Api\CampusEats.Api.csproj", "{003937D3-DD10-4CAD-9298-AA62108A5B39}"
EndProject
Global
	GlobalSection(SolutionConfigurationPlatforms) = preSolution
		Debug|Any CPU = Debug|Any CPU
		Release|Any CPU = Release|Any CPU
	EndGlobalSection
	GlobalSection(ProjectConfigurationPlatforms) = postSolution
		{003937D3-DD10-4CAD-9298-AA62108A5B39}.Debug|Any CPU.ActiveCfg = Debug|Any CPU
		{003937D3-DD10-4CAD-9298-AA62108A5B39}.Debug|Any CPU.Build.0 = Debug|Any CPU
		{003937D3-DD10-4CAD-9298-AA62108A5B39}.Release|Any CPU.ActiveCfg = Release|Any CPU
		{003937D3-DD10-4CAD-9298-AA62108A5B39}.Release|Any CPU.Build.0 = Release|Any CPU
	EndGlobalSection
EndGlobal
